
Microsoft Visual Studio Solution File, Format Version 12.00
# Visual Studio 15
VisualStudioVersion = 15.0.27130.2010
MinimumVisualStudioVersion = 10.0.40219.1
Project("{FAE04EC0-301F-11D3-BF4B-00C04F79EFBC}") = "walo gradient wallpaper", "walo gradient wallpaper\walo gradient wallpaper.csproj", "{91A6B3D1-FD90-41E6-96BE-BA770B9A19E3}"
EndProject
Global
	GlobalSection(SolutionConfigurationPlatforms) = preSolution
		Debug|Any CPU = Debug|Any CPU
		Release|Any CPU = Release|Any CPU
	EndGlobalSection
	GlobalSection(ProjectConfigurationPlatforms) = postSolution
		{91A6B3D1-FD90-41E6-96BE-BA770B9A19E3}.Debug|Any CPU.ActiveCfg = Debug|Any CPU
		{91A6B3D1-FD90-41E6-96BE-BA770B9A19E3}.Debug|Any CPU.Build.0 = Debug|Any CPU
		{91A6B3D1-FD90-41E6-96BE-BA770B9A19E3}.Release|Any CPU.ActiveCfg = Release|Any CPU
		{91A6B3D1-FD90-41E6-96BE-BA770B9A19E3}.Release|Any CPU.Build.0 = Release|Any CPU
	EndGlobalSection
	GlobalSection(SolutionProperties) = preSolution
		HideSolutionNode = FALSE
	EndGlobalSection
	GlobalSection(ExtensibilityGlobals) = postSolution
		SolutionGuid = {5E1A5D04-40CE-4D97-9378-69A8391645D8}
	EndGlobalSection
EndGlobal
